Microsoft Visual Studio Solution File, Format Version 12.00
# Visual Studio Version 17
VisualStudioVersion = 17.5.2.0
MinimumVisualStudioVersion = 10.0.40219.1
Project("{2150E333-8FDC-42A3-9474-1A3956D46DE8}") = "backend", "backend", "{1AE8ACA6-933B-BF2A-3671-3E2EAC007D16}"
EndProject
Project("{2150E333-8FDC-42A3-9474-1A3956D46DE8}") = "src", "src", "{0F9113EE-888A-26D2-68B0-4A7D0A2A8745}"
EndProject
Project("{FAE04EC0-301F-11D3-BF4B-00C04F79EFBC}") = "AppHost", "backend\src\AppHost\AppHost.csproj", "{5AEFD784-A422-F930-23AE-3CCDAD9D7B88}"
EndProject
Project("{FAE04EC0-301F-11D3-BF4B-00C04F79EFBC}") = "WebApi", "backend\src\WebApi\WebApi.csproj", "{8F4B290F-8332-D6E8-266E-81003131C84B}"
EndProject
Project("{2150E333-8FDC-42A3-9474-1A3956D46DE8}") = "test", "test", "{C9F2D317-4826-407B-F8B2-698283998959}"
EndProject
Project("{FAE04EC0-301F-11D3-BF4B-00C04F79EFBC}") = "WebApi.Tests", "backend\test\WebApi.Tests\WebApi.Tests.csproj", "{7BE48E81-91A5-07C2-97A7-66C1025C6D01}"
EndProject
Global
	GlobalSection(SolutionConfigurationPlatforms) = preSolution
		Debug|Any CPU = Debug|Any CPU
		Release|Any CPU = Release|Any CPU
	EndGlobalSection
	GlobalSection(ProjectConfigurationPlatforms) = postSolution
		{5AEFD784-A422-F930-23AE-3CCDAD9D7B88}.Debug|Any CPU.ActiveCfg = Debug|Any CPU
		{5AEFD784-A422-F930-23AE-3CCDAD9D7B88}.Debug|Any CPU.Build.0 = Debug|Any CPU
		{5AEFD784-A422-F930-23AE-3CCDAD9D7B88}.Release|Any CPU.ActiveCfg = Release|Any CPU
		{5AEFD784-A422-F930-23AE-3CCDAD9D7B88}.Release|Any CPU.Build.0 = Release|Any CPU
		{8F4B290F-8332-D6E8-266E-81003131C84B}.Debug|Any CPU.ActiveCfg = Debug|Any CPU
		{8F4B290F-8332-D6E8-266E-81003131C84B}.Debug|Any CPU.Build.0 = Debug|Any CPU
		{8F4B290F-8332-D6E8-266E-81003131C84B}.Release|Any CPU.ActiveCfg = Release|Any CPU
		{8F4B290F-8332-D6E8-266E-81003131C84B}.Release|Any CPU.Build.0 = Release|Any CPU
		{7BE48E81-91A5-07C2-97A7-66C1025C6D01}.Debug|Any CPU.ActiveCfg = Debug|Any CPU
		{7BE48E81-91A5-07C2-97A7-66C1025C6D01}.Debug|Any CPU.Build.0 = Debug|Any CPU
		{7BE48E81-91A5-07C2-97A7-66C1025C6D01}.Release|Any CPU.ActiveCfg = Release|Any CPU
		{7BE48E81-91A5-07C2-97A7-66C1025C6D01}.Release|Any CPU.Build.0 = Release|Any CPU
	EndGlobalSection
	GlobalSection(SolutionProperties) = preSolution
		HideSolutionNode = FALSE
	EndGlobalSection
	GlobalSection(NestedProjects) = preSolution
		{0F9113EE-888A-26D2-68B0-4A7D0A2A8745} = {1AE8ACA6-933B-BF2A-3671-3E2EAC007D16}
		{5AEFD784-A422-F930-23AE-3CCDAD9D7B88} = {0F9113EE-888A-26D2-68B0-4A7D0A2A8745}
		{8F4B290F-8332-D6E8-266E-81003131C84B} = {0F9113EE-888A-26D2-68B0-4A7D0A2A8745}
		{C9F2D317-4826-407B-F8B2-698283998959} = {1AE8ACA6-933B-BF2A-3671-3E2EAC007D16}
		{7BE48E81-91A5-07C2-97A7-66C1025C6D01} = {C9F2D317-4826-407B-F8B2-698283998959}
	EndGlobalSection
	GlobalSection(ExtensibilityGlobals) = postSolution
		SolutionGuid = {6B228502-3290-46EC-8179-5DD4EDE6080D}
	EndGlobalSection
EndGlobal
